
Microsoft Visual Studio Solution File, Format Version 12.00
# Visual Studio Version 17
VisualStudioVersion = 17.0.31903.59
MinimumVisualStudioVersion = 10.0.40219.1
Project("{FAE04EC0-301F-11D3-BF4B-00C04F79EFBC}") = "Memento", "Memento\Memento.csproj", "{05678D2D-6E1F-4109-8678-1EDE0EA0BC6E}"
EndProject
Project("{FAE04EC0-301F-11D3-BF4B-00C04F79EFBC}") = "Adapter", "Adapter\Adapter.csproj", "{9BCDA7D9-7828-4532-AC8D-6A713B935AFF}"
EndProject
Project("{FAE04EC0-301F-11D3-BF4B-00C04F79EFBC}") = "Builder", "Builder\Builder.csproj", "{9DF9A8B6-DC79-4A69-9EF6-23B1A9CB2FC2}"
EndProject
Project("{FAE04EC0-301F-11D3-BF4B-00C04F79EFBC}") = "ChainOfResponsibility", "ChainOfResponsibility\ChainOfResponsibility.csproj", "{4E860837-DDD5-4F91-9E36-B57209C0F48A}"
EndProject
Project("{FAE04EC0-301F-11D3-BF4B-00C04F79EFBC}") = "Command", "Command\Command.csproj", "{E8C7E206-4C24-4D48-9543-881A53C2A9CD}"
EndProject
Project("{FAE04EC0-301F-11D3-BF4B-00C04F79EFBC}") = "Decorator", "Decorator\Decorator.csproj", "{805341EC-9BAB-4EA5-BAE4-E6CA42A83905}"
EndProject
Project("{FAE04EC0-301F-11D3-BF4B-00C04F79EFBC}") = "FactoryMethod", "FactoryMethod\FactoryMethod.csproj", "{5008C6E6-1301-4899-949D-91DD68464980}"
EndProject
Project("{FAE04EC0-301F-11D3-BF4B-00C04F79EFBC}") = "Observer", "Observer\Observer.csproj", "{5AFC8AD6-B072-44B1-AA6A-C34DDC089EAB}"
EndProject
Project("{FAE04EC0-301F-11D3-BF4B-00C04F79EFBC}") = "Proxy", "Proxy\Proxy.csproj", "{11E7C463-45A5-4DDC-AC95-FC9B5270D6FA}"
EndProject
Project("{FAE04EC0-301F-11D3-BF4B-00C04F79EFBC}") = "Singleton", "Singleton\Singleton.csproj", "{CADC7E51-5344-44D1-AAA4-9FAF14436A0D}"
EndProject
Project("{FAE04EC0-301F-11D3-BF4B-00C04F79EFBC}") = "State", "State\State.csproj", "{0B91E2A9-A252-4B49-BA32-0962928D6750}"
EndProject
Project("{FAE04EC0-301F-11D3-BF4B-00C04F79EFBC}") = "Strategy", "Strategy\Strategy.csproj", "{2F161A47-2ED3-49CC-B7DD-DF11F7C0BE4D}"
EndProject
Project("{FAE04EC0-301F-11D3-BF4B-00C04F79EFBC}") = "TemplateMethod", "TemplateMethod\TemplateMethod.csproj", "{9C8B9D78-1A10-4DA2-AE0A-CDF6CE684936}"
EndProject
Global
	GlobalSection(SolutionProperties) = preSolution
		HideSolutionNode = FALSE
	EndGlobalSection
	GlobalSection(SolutionConfigurationPlatforms) = preSolution
		Debug|Any CPU = Debug|Any CPU
		Debug|x64 = Debug|x64
		Debug|x86 = Debug|x86
		Release|Any CPU = Release|Any CPU
		Release|x64 = Release|x64
		Release|x86 = Release|x86
	EndGlobalSection
	GlobalSection(ProjectConfigurationPlatforms) = postSolution
		{05678D2D-6E1F-4109-8678-1EDE0EA0BC6E}.Debug|Any CPU.ActiveCfg = Debug|Any CPU
		{05678D2D-6E1F-4109-8678-1EDE0EA0BC6E}.Debug|Any CPU.Build.0 = Debug|Any CPU
		{05678D2D-6E1F-4109-8678-1EDE0EA0BC6E}.Debug|x64.ActiveCfg = Debug|Any CPU
		{05678D2D-6E1F-4109-8678-1EDE0EA0BC6E}.Debug|x64.Build.0 = Debug|Any CPU
		{05678D2D-6E1F-4109-8678-1EDE0EA0BC6E}.Debug|x86.ActiveCfg = Debug|Any CPU
		{05678D2D-6E1F-4109-8678-1EDE0EA0BC6E}.Debug|x86.Build.0 = Debug|Any CPU
		{05678D2D-6E1F-4109-8678-1EDE0EA0BC6E}.Release|Any CPU.ActiveCfg = Release|Any CPU
		{05678D2D-6E1F-4109-8678-1EDE0EA0BC6E}.Release|Any CPU.Build.0 = Release|Any CPU
		{05678D2D-6E1F-4109-8678-1EDE0EA0BC6E}.Release|x64.ActiveCfg = Release|Any CPU
		{05678D2D-6E1F-4109-8678-1EDE0EA0BC6E}.Release|x64.Build.0 = Release|Any CPU
		{05678D2D-6E1F-4109-8678-1EDE0EA0BC6E}.Release|x86.ActiveCfg = Release|Any CPU
		{05678D2D-6E1F-4109-8678-1EDE0EA0BC6E}.Release|x86.Build.0 = Release|Any CPU
		{9BCDA7D9-7828-4532-AC8D-6A713B935AFF}.Debug|Any CPU.ActiveCfg = Debug|Any CPU
		{9BCDA7D9-7828-4532-AC8D-6A713B935AFF}.Debug|Any CPU.Build.0 = Debug|Any CPU
		{9BCDA7D9-7828-4532-AC8D-6A713B935AFF}.Debug|x64.ActiveCfg = Debug|Any CPU
		{9BCDA7D9-7828-4532-AC8D-6A713B935AFF}.Debug|x64.Build.0 = Debug|Any CPU
		{9BCDA7D9-7828-4532-AC8D-6A713B935AFF}.Debug|x86.ActiveCfg = Debug|Any CPU
		{9BCDA7D9-7828-4532-AC8D-6A713B935AFF}.Debug|x86.Build.0 = Debug|Any CPU
		{9BCDA7D9-7828-4532-AC8D-6A713B935AFF}.Release|Any CPU.ActiveCfg = Release|Any CPU
		{9BCDA7D9-7828-4532-AC8D-6A713B935AFF}.Release|Any CPU.Build.0 = Release|Any CPU
		{9BCDA7D9-7828-4532-AC8D-6A713B935AFF}.Release|x64.ActiveCfg = Release|Any CPU
		{9BCDA7D9-7828-4532-AC8D-6A713B935AFF}.Release|x64.Build.0 = Release|Any CPU
		{9BCDA7D9-7828-4532-AC8D-6A713B935AFF}.Release|x86.ActiveCfg = Release|Any CPU
		{9BCDA7D9-7828-4532-AC8D-6A713B935AFF}.Release|x86.Build.0 = Release|Any CPU
		{9DF9A8B6-DC79-4A69-9EF6-23B1A9CB2FC2}.Debug|Any CPU.ActiveCfg = Debug|Any CPU
		{9DF9A8B6-DC79-4A69-9EF6-23B1A9CB2FC2}.Debug|Any CPU.Build.0 = Debug|Any CPU
		{9DF9A8B6-DC79-4A69-9EF6-23B1A9CB2FC2}.Debug|x64.ActiveCfg = Debug|Any CPU
		{9DF9A8B6-DC79-4A69-9EF6-23B1A9CB2FC2}.Debug|x64.Build.0 = Debug|Any CPU
		{9DF9A8B6-DC79-4A69-9EF6-23B1A9CB2FC2}.Debug|x86.ActiveCfg = Debug|Any CPU
		{9DF9A8B6-DC79-4A69-9EF6-23B1A9CB2FC2}.Debug|x86.Build.0 = Debug|Any CPU
		{9DF9A8B6-DC79-4A69-9EF6-23B1A9CB2FC2}.Release|Any CPU.ActiveCfg = Release|Any CPU
		{9DF9A8B6-DC79-4A69-9EF6-23B1A9CB2FC2}.Release|Any CPU.Build.0 = Release|Any CPU
		{9DF9A8B6-DC79-4A69-9EF6-23B1A9CB2FC2}.Release|x64.ActiveCfg = Release|Any CPU
		{9DF9A8B6-DC79-4A69-9EF6-23B1A9CB2FC2}.Release|x64.Build.0 = Release|Any CPU
		{9DF9A8B6-DC79-4A69-9EF6-23B1A9CB2FC2}.Release|x86.ActiveCfg = Release|Any CPU
		{9DF9A8B6-DC79-4A69-9EF6-23B1A9CB2FC2}.Release|x86.Build.0 = Release|Any CPU
		{4E860837-DDD5-4F91-9E36-B57209C0F48A}.Debug|Any CPU.ActiveCfg = Debug|Any CPU
		{4E860837-DDD5-4F91-9E36-B57209C0F48A}.Debug|Any CPU.Build.0 = Debug|Any CPU
		{4E860837-DDD5-4F91-9E36-B57209C0F48A}.Debug|x64.ActiveCfg = Debug|Any CPU
		{4E860837-DDD5-4F91-9E36-B57209C0F48A}.Debug|x64.Build.0 = Debug|Any CPU
		{4E860837-DDD5-4F91-9E36-B57209C0F48A}.Debug|x86.ActiveCfg = Debug|Any CPU
		{4E860837-DDD5-4F91-9E36-B57209C0F48A}.Debug|x86.Build.0 = Debug|Any CPU
		{4E860837-DDD5-4F91-9E36-B57209C0F48A}.Release|Any CPU.ActiveCfg = Release|Any CPU
		{4E860837-DDD5-4F91-9E36-B57209C0F48A}.Release|Any CPU.Build.0 = Release|Any CPU
		{4E860837-DDD5-4F91-9E36-B57209C0F48A}.Release|x64.ActiveCfg = Release|Any CPU
		{4E860837-DDD5-4F91-9E36-B57209C0F48A}.Release|x64.Build.0 = Release|Any CPU
		{4E860837-DDD5-4F91-9E36-B57209C0F48A}.Release|x86.ActiveCfg = Release|Any CPU
		{4E860837-DDD5-4F91-9E36-B57209C0F48A}.Release|x86.Build.0 = Release|Any CPU
		{E8C7E206-4C24-4D48-9543-881A53C2A9CD}.Debug|Any CPU.ActiveCfg = Debug|Any CPU
		{E8C7E206-4C24-4D48-9543-881A53C2A9CD}.Debug|Any CPU.Build.0 = Debug|Any CPU
		{E8C7E206-4C24-4D48-9543-881A53C2A9CD}.Debug|x64.ActiveCfg = Debug|Any CPU
		{E8C7E206-4C24-4D48-9543-881A53C2A9CD}.Debug|x64.Build.0 = Debug|Any CPU
		{E8C7E206-4C24-4D48-9543-881A53C2A9CD}.Debug|x86.ActiveCfg = Debug|Any CPU
		{E8C7E206-4C24-4D48-9543-881A53C2A9CD}.Debug|x86.Build.0 = Debug|Any CPU
		{E8C7E206-4C24-4D48-9543-881A53C2A9CD}.Release|Any CPU.ActiveCfg = Release|Any CPU
		{E8C7E206-4C24-4D48-9543-881A53C2A9CD}.Release|Any CPU.Build.0 = Release|Any CPU
		{E8C7E206-4C24-4D48-9543-881A53C2A9CD}.Release|x64.ActiveCfg = Release|Any CPU
		{E8C7E206-4C24-4D48-9543-881A53C2A9CD}.Release|x64.Build.0 = Release|Any CPU
		{E8C7E206-4C24-4D48-9543-881A53C2A9CD}.Release|x86.ActiveCfg = Release|Any CPU
		{E8C7E206-4C24-4D48-9543-881A53C2A9CD}.Release|x86.Build.0 = Release|Any CPU
		{805341EC-9BAB-4EA5-BAE4-E6CA42A83905}.Debug|Any CPU.ActiveCfg = Debug|Any CPU
		{805341EC-9BAB-4EA5-BAE4-E6CA42A83905}.Debug|Any CPU.Build.0 = Debug|Any CPU
		{805341EC-9BAB-4EA5-BAE4-E6CA42A83905}.Debug|x64.ActiveCfg = Debug|Any CPU
		{805341EC-9BAB-4EA5-BAE4-E6CA42A83905}.Debug|x64.Build.0 = Debug|Any CPU
		{805341EC-9BAB-4EA5-BAE4-E6CA42A83905}.Debug|x86.ActiveCfg = Debug|Any CPU
		{805341EC-9BAB-4EA5-BAE4-E6CA42A83905}.Debug|x86.Build.0 = Debug|Any CPU
		{805341EC-9BAB-4EA5-BAE4-E6CA42A83905}.Release|Any CPU.ActiveCfg = Release|Any CPU
		{805341EC-9BAB-4EA5-BAE4-E6CA42A83905}.Release|Any CPU.Build.0 = Release|Any CPU
		{805341EC-9BAB-4EA5-BAE4-E6CA42A83905}.Release|x64.ActiveCfg = Release|Any CPU
		{805341EC-9BAB-4EA5-BAE4-E6CA42A83905}.Release|x64.Build.0 = Release|Any CPU
		{805341EC-9BAB-4EA5-BAE4-E6CA42A83905}.Release|x86.ActiveCfg = Release|Any CPU
		{805341EC-9BAB-4EA5-BAE4-E6CA42A83905}.Release|x86.Build.0 = Release|Any CPU
		{5008C6E6-1301-4899-949D-91DD68464980}.Debug|Any CPU.ActiveCfg = Debug|Any CPU
		{5008C6E6-1301-4899-949D-91DD68464980}.Debug|Any CPU.Build.0 = Debug|Any CPU
		{5008C6E6-1301-4899-949D-91DD68464980}.Debug|x64.ActiveCfg = Debug|Any CPU
		{5008C6E6-1301-4899-949D-91DD68464980}.Debug|x64.Build.0 = Debug|Any CPU
		{5008C6E6-1301-4899-949D-91DD68464980}.Debug|x86.ActiveCfg = Debug|Any CPU
		{5008C6E6-1301-4899-949D-91DD68464980}.Debug|x86.Build.0 = Debug|Any CPU
		{5008C6E6-1301-4899-949D-91DD68464980}.Release|Any CPU.ActiveCfg = Release|Any CPU
		{5008C6E6-1301-4899-949D-91DD68464980}.Release|Any CPU.Build.0 = Release|Any CPU
		{5008C6E6-1301-4899-949D-91DD68464980}.Release|x64.ActiveCfg = Release|Any CPU
		{5008C6E6-1301-4899-949D-91DD68464980}.Release|x64.Build.0 = Release|Any CPU
		{5008C6E6-1301-4899-949D-91DD68464980}.Release|x86.ActiveCfg = Release|Any CPU
		{5008C6E6-1301-4899-949D-91DD68464980}.Release|x86.Build.0 = Release|Any CPU
		{5AFC8AD6-B072-44B1-AA6A-C34DDC089EAB}.Debug|Any CPU.ActiveCfg = Debug|Any CPU
		{5AFC8AD6-B072-44B1-AA6A-C34DDC089EAB}.Debug|Any CPU.Build.0 = Debug|Any CPU
		{5AFC8AD6-B072-44B1-AA6A-C34DDC089EAB}.Debug|x64.ActiveCfg = Debug|Any CPU
		{5AFC8AD6-B072-44B1-AA6A-C34DDC089EAB}.Debug|x64.Build.0 = Debug|Any CPU
		{5AFC8AD6-B072-44B1-AA6A-C34DDC089EAB}.Debug|x86.ActiveCfg = Debug|Any CPU
		{5AFC8AD6-B072-44B1-AA6A-C34DDC089EAB}.Debug|x86.Build.0 = Debug|Any CPU
		{5AFC8AD6-B072-44B1-AA6A-C34DDC089EAB}.Release|Any CPU.ActiveCfg = Release|Any CPU
		{5AFC8AD6-B072-44B1-AA6A-C34DDC089EAB}.Release|Any CPU.Build.0 = Release|Any CPU
		{5AFC8AD6-B072-44B1-AA6A-C34DDC089EAB}.Release|x64.ActiveCfg = Release|Any CPU
		{5AFC8AD6-B072-44B1-AA6A-C34DDC089EAB}.Release|x64.Build.0 = Release|Any CPU
		{5AFC8AD6-B072-44B1-AA6A-C34DDC089EAB}.Release|x86.ActiveCfg = Release|Any CPU
		{5AFC8AD6-B072-44B1-AA6A-C34DDC089EAB}.Release|x86.Build.0 = Release|Any CPU
		{11E7C463-45A5-4DDC-AC95-FC9B5270D6FA}.Debug|Any CPU.ActiveCfg = Debug|Any CPU
		{11E7C463-45A5-4DDC-AC95-FC9B5270D6FA}.Debug|Any CPU.Build.0 = Debug|Any CPU
		{11E7C463-45A5-4DDC-AC95-FC9B5270D6FA}.Debug|x64.ActiveCfg = Debug|Any CPU
		{11E7C463-45A5-4DDC-AC95-FC9B5270D6FA}.Debug|x64.Build.0 = Debug|Any CPU
		{11E7C463-45A5-4DDC-AC95-FC9B5270D6FA}.Debug|x86.ActiveCfg = Debug|Any CPU
		{11E7C463-45A5-4DDC-AC95-FC9B5270D6FA}.Debug|x86.Build.0 = Debug|Any CPU
		{11E7C463-45A5-4DDC-AC95-FC9B5270D6FA}.Release|Any CPU.ActiveCfg = Release|Any CPU
		{11E7C463-45A5-4DDC-AC95-FC9B5270D6FA}.Release|Any CPU.Build.0 = Release|Any CPU
		{11E7C463-45A5-4DDC-AC95-FC9B5270D6FA}.Release|x64.ActiveCfg = Release|Any CPU
		{11E7C463-45A5-4DDC-AC95-FC9B5270D6FA}.Release|x64.Build.0 = Release|Any CPU
		{11E7C463-45A5-4DDC-AC95-FC9B5270D6FA}.Release|x86.ActiveCfg = Release|Any CPU
		{11E7C463-45A5-4DDC-AC95-FC9B5270D6FA}.Release|x86.Build.0 = Release|Any CPU
		{CADC7E51-5344-44D1-AAA4-9FAF14436A0D}.Debug|Any CPU.ActiveCfg = Debug|Any CPU
		{CADC7E51-5344-44D1-AAA4-9FAF14436A0D}.Debug|Any CPU.Build.0 = Debug|Any CPU
		{CADC7E51-5344-44D1-AAA4-9FAF14436A0D}.Debug|x64.ActiveCfg = Debug|Any CPU
		{CADC7E51-5344-44D1-AAA4-9FAF14436A0D}.Debug|x64.Build.0 = Debug|Any CPU
		{CADC7E51-5344-44D1-AAA4-9FAF14436A0D}.Debug|x86.ActiveCfg = Debug|Any CPU
		{CADC7E51-5344-44D1-AAA4-9FAF14436A0D}.Debug|x86.Build.0 = Debug|Any CPU
		{CADC7E51-5344-44D1-AAA4-9FAF14436A0D}.Release|Any CPU.ActiveCfg = Release|Any CPU
		{CADC7E51-5344-44D1-AAA4-9FAF14436A0D}.Release|Any CPU.Build.0 = Release|Any CPU
		{CADC7E51-5344-44D1-AAA4-9FAF14436A0D}.Release|x64.ActiveCfg = Release|Any CPU
		{CADC7E51-5344-44D1-AAA4-9FAF14436A0D}.Release|x64.Build.0 = Release|Any CPU
		{CADC7E51-5344-44D1-AAA4-9FAF14436A0D}.Release|x86.ActiveCfg = Release|Any CPU
		{CADC7E51-5344-44D1-AAA4-9FAF14436A0D}.Release|x86.Build.0 = Release|Any CPU
		{0B91E2A9-A252-4B49-BA32-0962928D6750}.Debug|Any CPU.ActiveCfg = Debug|Any CPU
		{0B91E2A9-A252-4B49-BA32-0962928D6750}.Debug|Any CPU.Build.0 = Debug|Any CPU
		{0B91E2A9-A252-4B49-BA32-0962928D6750}.Debug|x64.ActiveCfg = Debug|Any CPU
		{0B91E2A9-A252-4B49-BA32-0962928D6750}.Debug|x64.Build.0 = Debug|Any CPU
		{0B91E2A9-A252-4B49-BA32-0962928D6750}.Debug|x86.ActiveCfg = Debug|Any CPU
		{0B91E2A9-A252-4B49-BA32-0962928D6750}.Debug|x86.Build.0 = Debug|Any CPU
		{0B91E2A9-A252-4B49-BA32-0962928D6750}.Release|Any CPU.ActiveCfg = Release|Any CPU
		{0B91E2A9-A252-4B49-BA32-0962928D6750}.Release|Any CPU.Build.0 = Release|Any CPU
		{0B91E2A9-A252-4B49-BA32-0962928D6750}.Release|x64.ActiveCfg = Release|Any CPU
		{0B91E2A9-A252-4B49-BA32-0962928D6750}.Release|x64.Build.0 = Release|Any CPU
		{0B91E2A9-A252-4B49-BA32-0962928D6750}.Release|x86.ActiveCfg = Release|Any CPU
		{0B91E2A9-A252-4B49-BA32-0962928D6750}.Release|x86.Build.0 = Release|Any CPU
		{2F161A47-2ED3-49CC-B7DD-DF11F7C0BE4D}.Debug|Any CPU.ActiveCfg = Debug|Any CPU
		{2F161A47-2ED3-49CC-B7DD-DF11F7C0BE4D}.Debug|Any CPU.Build.0 = Debug|Any CPU
		{2F161A47-2ED3-49CC-B7DD-DF11F7C0BE4D}.Debug|x64.ActiveCfg = Debug|Any CPU
		{2F161A47-2ED3-49CC-B7DD-DF11F7C0BE4D}.Debug|x64.Build.0 = Debug|Any CPU
		{2F161A47-2ED3-49CC-B7DD-DF11F7C0BE4D}.Debug|x86.ActiveCfg = Debug|Any CPU
		{2F161A47-2ED3-49CC-B7DD-DF11F7C0BE4D}.Debug|x86.Build.0 = Debug|Any CPU
		{2F161A47-2ED3-49CC-B7DD-DF11F7C0BE4D}.Release|Any CPU.ActiveCfg = Release|Any CPU
		{2F161A47-2ED3-49CC-B7DD-DF11F7C0BE4D}.Release|Any CPU.Build.0 = Release|Any CPU
		{2F161A47-2ED3-49CC-B7DD-DF11F7C0BE4D}.Release|x64.ActiveCfg = Release|Any CPU
		{2F161A47-2ED3-49CC-B7DD-DF11F7C0BE4D}.Release|x64.Build.0 = Release|Any CPU
		{2F161A47-2ED3-49CC-B7DD-DF11F7C0BE4D}.Release|x86.ActiveCfg = Release|Any CPU
		{2F161A47-2ED3-49CC-B7DD-DF11F7C0BE4D}.Release|x86.Build.0 = Release|Any CPU
		{9C8B9D78-1A10-4DA2-AE0A-CDF6CE684936}.Debug|Any CPU.ActiveCfg = Debug|Any CPU
		{9C8B9D78-1A10-4DA2-AE0A-CDF6CE684936}.Debug|Any CPU.Build.0 = Debug|Any CPU
		{9C8B9D78-1A10-4DA2-AE0A-CDF6CE684936}.Debug|x64.ActiveCfg = Debug|Any CPU
		{9C8B9D78-1A10-4DA2-AE0A-CDF6CE684936}.Debug|x64.Build.0 = Debug|Any CPU
		{9C8B9D78-1A10-4DA2-AE0A-CDF6CE684936}.Debug|x86.ActiveCfg = Debug|Any CPU
		{9C8B9D78-1A10-4DA2-AE0A-CDF6CE684936}.Debug|x86.Build.0 = Debug|Any CPU
		{9C8B9D78-1A10-4DA2-AE0A-CDF6CE684936}.Release|Any CPU.ActiveCfg = Release|Any CPU
		{9C8B9D78-1A10-4DA2-AE0A-CDF6CE684936}.Release|Any CPU.Build.0 = Release|Any CPU
		{9C8B9D78-1A10-4DA2-AE0A-CDF6CE684936}.Release|x64.ActiveCfg = Release|Any CPU
		{9C8B9D78-1A10-4DA2-AE0A-CDF6CE684936}.Release|x64.Build.0 = Release|Any CPU
		{9C8B9D78-1A10-4DA2-AE0A-CDF6CE684936}.Release|x86.ActiveCfg = Release|Any CPU
		{9C8B9D78-1A10-4DA2-AE0A-CDF6CE684936}.Release|x86.Build.0 = Release|Any CPU
	EndGlobalSection
EndGlobal
