
Microsoft Visual Studio Solution File, Format Version 12.00
# Visual Studio Version 17
VisualStudioVersion = 17.0.31903.59
MinimumVisualStudioVersion = 10.0.40219.1
Project("{FAE04EC0-301F-11D3-BF4B-00C04F79EFBC}") = "Prototype", "Prototype\Prototype.csproj", "{D3EAF076-B899-4DB7-A949-AD5AF273B222}"
EndProject
Project("{FAE04EC0-301F-11D3-BF4B-00C04F79EFBC}") = "Adapter", "Adapter\Adapter.csproj", "{6C255164-1A55-479B-8CD7-C81252731092}"
EndProject
Project("{FAE04EC0-301F-11D3-BF4B-00C04F79EFBC}") = "Builder", "Builder\Builder.csproj", "{1755D70D-4D26-4EE3-8E02-9BDF9C3BB315}"
EndProject
Project("{FAE04EC0-301F-11D3-BF4B-00C04F79EFBC}") = "ChainOfResponsibility", "ChainOfResponsibility\ChainOfResponsibility.csproj", "{1B8A8616-DC69-4695-913F-23D7E7061E53}"
EndProject
Project("{FAE04EC0-301F-11D3-BF4B-00C04F79EFBC}") = "Command", "Command\Command.csproj", "{7E28EA5E-F616-4956-B61C-B58AD6C352C1}"
EndProject
Project("{FAE04EC0-301F-11D3-BF4B-00C04F79EFBC}") = "Decorator", "Decorator\Decorator.csproj", "{B8AD678B-7263-4568-BC56-75481797EAC5}"
EndProject
Project("{FAE04EC0-301F-11D3-BF4B-00C04F79EFBC}") = "FactoryMethod", "FactoryMethod\FactoryMethod.csproj", "{812AF419-DEE4-4CEA-8AA5-8D27CFE75DAA}"
EndProject
Project("{FAE04EC0-301F-11D3-BF4B-00C04F79EFBC}") = "Iterator", "Iterator\Iterator.csproj", "{EF7BDD28-A3FF-42DE-8804-47BF1C8ACD8B}"
EndProject
Project("{FAE04EC0-301F-11D3-BF4B-00C04F79EFBC}") = "Memento", "Memento\Memento.csproj", "{472E5896-8E9D-4081-A456-2FBC71BA8B22}"
EndProject
Project("{FAE04EC0-301F-11D3-BF4B-00C04F79EFBC}") = "Observer", "Observer\Observer.csproj", "{40C91755-7DBE-4CDA-B658-3C9100C279CE}"
EndProject
Project("{FAE04EC0-301F-11D3-BF4B-00C04F79EFBC}") = "Proxy", "Proxy\Proxy.csproj", "{5EB592E8-8FDF-4C05-807C-951B11478A8E}"
EndProject
Project("{FAE04EC0-301F-11D3-BF4B-00C04F79EFBC}") = "Singleton", "Singleton\Singleton.csproj", "{4E5E4895-E7C0-4D6B-81AE-B778DC7A2259}"
EndProject
Project("{FAE04EC0-301F-11D3-BF4B-00C04F79EFBC}") = "State", "State\State.csproj", "{A8ACC1AA-E22B-429D-8952-A85EFA57F006}"
EndProject
Project("{FAE04EC0-301F-11D3-BF4B-00C04F79EFBC}") = "Strategy", "Strategy\Strategy.csproj", "{75EC7C0F-613A-4A9B-83AB-47E0CC44AFDD}"
EndProject
Project("{FAE04EC0-301F-11D3-BF4B-00C04F79EFBC}") = "TemplateMethod", "TemplateMethod\TemplateMethod.csproj", "{EBEB66F6-0D5E-4CA4-84BC-765CE98C6DED}"
EndProject
Global
	GlobalSection(SolutionProperties) = preSolution
		HideSolutionNode = FALSE
	EndGlobalSection
	GlobalSection(SolutionConfigurationPlatforms) = preSolution
		Debug|Any CPU = Debug|Any CPU
		Debug|x64 = Debug|x64
		Debug|x86 = Debug|x86
		Release|Any CPU = Release|Any CPU
		Release|x64 = Release|x64
		Release|x86 = Release|x86
	EndGlobalSection
	GlobalSection(ProjectConfigurationPlatforms) = postSolution
		{D3EAF076-B899-4DB7-A949-AD5AF273B222}.Debug|Any CPU.ActiveCfg = Debug|Any CPU
		{D3EAF076-B899-4DB7-A949-AD5AF273B222}.Debug|Any CPU.Build.0 = Debug|Any CPU
		{D3EAF076-B899-4DB7-A949-AD5AF273B222}.Debug|x64.ActiveCfg = Debug|Any CPU
		{D3EAF076-B899-4DB7-A949-AD5AF273B222}.Debug|x64.Build.0 = Debug|Any CPU
		{D3EAF076-B899-4DB7-A949-AD5AF273B222}.Debug|x86.ActiveCfg = Debug|Any CPU
		{D3EAF076-B899-4DB7-A949-AD5AF273B222}.Debug|x86.Build.0 = Debug|Any CPU
		{D3EAF076-B899-4DB7-A949-AD5AF273B222}.Release|Any CPU.ActiveCfg = Release|Any CPU
		{D3EAF076-B899-4DB7-A949-AD5AF273B222}.Release|Any CPU.Build.0 = Release|Any CPU
		{D3EAF076-B899-4DB7-A949-AD5AF273B222}.Release|x64.ActiveCfg = Release|Any CPU
		{D3EAF076-B899-4DB7-A949-AD5AF273B222}.Release|x64.Build.0 = Release|Any CPU
		{D3EAF076-B899-4DB7-A949-AD5AF273B222}.Release|x86.ActiveCfg = Release|Any CPU
		{D3EAF076-B899-4DB7-A949-AD5AF273B222}.Release|x86.Build.0 = Release|Any CPU
		{6C255164-1A55-479B-8CD7-C81252731092}.Debug|Any CPU.ActiveCfg = Debug|Any CPU
		{6C255164-1A55-479B-8CD7-C81252731092}.Debug|Any CPU.Build.0 = Debug|Any CPU
		{6C255164-1A55-479B-8CD7-C81252731092}.Debug|x64.ActiveCfg = Debug|Any CPU
		{6C255164-1A55-479B-8CD7-C81252731092}.Debug|x64.Build.0 = Debug|Any CPU
		{6C255164-1A55-479B-8CD7-C81252731092}.Debug|x86.ActiveCfg = Debug|Any CPU
		{6C255164-1A55-479B-8CD7-C81252731092}.Debug|x86.Build.0 = Debug|Any CPU
		{6C255164-1A55-479B-8CD7-C81252731092}.Release|Any CPU.ActiveCfg = Release|Any CPU
		{6C255164-1A55-479B-8CD7-C81252731092}.Release|Any CPU.Build.0 = Release|Any CPU
		{6C255164-1A55-479B-8CD7-C81252731092}.Release|x64.ActiveCfg = Release|Any CPU
		{6C255164-1A55-479B-8CD7-C81252731092}.Release|x64.Build.0 = Release|Any CPU
		{6C255164-1A55-479B-8CD7-C81252731092}.Release|x86.ActiveCfg = Release|Any CPU
		{6C255164-1A55-479B-8CD7-C81252731092}.Release|x86.Build.0 = Release|Any CPU
		{1755D70D-4D26-4EE3-8E02-9BDF9C3BB315}.Debug|Any CPU.ActiveCfg = Debug|Any CPU
		{1755D70D-4D26-4EE3-8E02-9BDF9C3BB315}.Debug|Any CPU.Build.0 = Debug|Any CPU
		{1755D70D-4D26-4EE3-8E02-9BDF9C3BB315}.Debug|x64.ActiveCfg = Debug|Any CPU
		{1755D70D-4D26-4EE3-8E02-9BDF9C3BB315}.Debug|x64.Build.0 = Debug|Any CPU
		{1755D70D-4D26-4EE3-8E02-9BDF9C3BB315}.Debug|x86.ActiveCfg = Debug|Any CPU
		{1755D70D-4D26-4EE3-8E02-9BDF9C3BB315}.Debug|x86.Build.0 = Debug|Any CPU
		{1755D70D-4D26-4EE3-8E02-9BDF9C3BB315}.Release|Any CPU.ActiveCfg = Release|Any CPU
		{1755D70D-4D26-4EE3-8E02-9BDF9C3BB315}.Release|Any CPU.Build.0 = Release|Any CPU
		{1755D70D-4D26-4EE3-8E02-9BDF9C3BB315}.Release|x64.ActiveCfg = Release|Any CPU
		{1755D70D-4D26-4EE3-8E02-9BDF9C3BB315}.Release|x64.Build.0 = Release|Any CPU
		{1755D70D-4D26-4EE3-8E02-9BDF9C3BB315}.Release|x86.ActiveCfg = Release|Any CPU
		{1755D70D-4D26-4EE3-8E02-9BDF9C3BB315}.Release|x86.Build.0 = Release|Any CPU
		{1B8A8616-DC69-4695-913F-23D7E7061E53}.Debug|Any CPU.ActiveCfg = Debug|Any CPU
		{1B8A8616-DC69-4695-913F-23D7E7061E53}.Debug|Any CPU.Build.0 = Debug|Any CPU
		{1B8A8616-DC69-4695-913F-23D7E7061E53}.Debug|x64.ActiveCfg = Debug|Any CPU
		{1B8A8616-DC69-4695-913F-23D7E7061E53}.Debug|x64.Build.0 = Debug|Any CPU
		{1B8A8616-DC69-4695-913F-23D7E7061E53}.Debug|x86.ActiveCfg = Debug|Any CPU
		{1B8A8616-DC69-4695-913F-23D7E7061E53}.Debug|x86.Build.0 = Debug|Any CPU
		{1B8A8616-DC69-4695-913F-23D7E7061E53}.Release|Any CPU.ActiveCfg = Release|Any CPU
		{1B8A8616-DC69-4695-913F-23D7E7061E53}.Release|Any CPU.Build.0 = Release|Any CPU
		{1B8A8616-DC69-4695-913F-23D7E7061E53}.Release|x64.ActiveCfg = Release|Any CPU
		{1B8A8616-DC69-4695-913F-23D7E7061E53}.Release|x64.Build.0 = Release|Any CPU
		{1B8A8616-DC69-4695-913F-23D7E7061E53}.Release|x86.ActiveCfg = Release|Any CPU
		{1B8A8616-DC69-4695-913F-23D7E7061E53}.Release|x86.Build.0 = Release|Any CPU
		{7E28EA5E-F616-4956-B61C-B58AD6C352C1}.Debug|Any CPU.ActiveCfg = Debug|Any CPU
		{7E28EA5E-F616-4956-B61C-B58AD6C352C1}.Debug|Any CPU.Build.0 = Debug|Any CPU
		{7E28EA5E-F616-4956-B61C-B58AD6C352C1}.Debug|x64.ActiveCfg = Debug|Any CPU
		{7E28EA5E-F616-4956-B61C-B58AD6C352C1}.Debug|x64.Build.0 = Debug|Any CPU
		{7E28EA5E-F616-4956-B61C-B58AD6C352C1}.Debug|x86.ActiveCfg = Debug|Any CPU
		{7E28EA5E-F616-4956-B61C-B58AD6C352C1}.Debug|x86.Build.0 = Debug|Any CPU
		{7E28EA5E-F616-4956-B61C-B58AD6C352C1}.Release|Any CPU.ActiveCfg = Release|Any CPU
		{7E28EA5E-F616-4956-B61C-B58AD6C352C1}.Release|Any CPU.Build.0 = Release|Any CPU
		{7E28EA5E-F616-4956-B61C-B58AD6C352C1}.Release|x64.ActiveCfg = Release|Any CPU
		{7E28EA5E-F616-4956-B61C-B58AD6C352C1}.Release|x64.Build.0 = Release|Any CPU
		{7E28EA5E-F616-4956-B61C-B58AD6C352C1}.Release|x86.ActiveCfg = Release|Any CPU
		{7E28EA5E-F616-4956-B61C-B58AD6C352C1}.Release|x86.Build.0 = Release|Any CPU
		{B8AD678B-7263-4568-BC56-75481797EAC5}.Debug|Any CPU.ActiveCfg = Debug|Any CPU
		{B8AD678B-7263-4568-BC56-75481797EAC5}.Debug|Any CPU.Build.0 = Debug|Any CPU
		{B8AD678B-7263-4568-BC56-75481797EAC5}.Debug|x64.ActiveCfg = Debug|Any CPU
		{B8AD678B-7263-4568-BC56-75481797EAC5}.Debug|x64.Build.0 = Debug|Any CPU
		{B8AD678B-7263-4568-BC56-75481797EAC5}.Debug|x86.ActiveCfg = Debug|Any CPU
		{B8AD678B-7263-4568-BC56-75481797EAC5}.Debug|x86.Build.0 = Debug|Any CPU
		{B8AD678B-7263-4568-BC56-75481797EAC5}.Release|Any CPU.ActiveCfg = Release|Any CPU
		{B8AD678B-7263-4568-BC56-75481797EAC5}.Release|Any CPU.Build.0 = Release|Any CPU
		{B8AD678B-7263-4568-BC56-75481797EAC5}.Release|x64.ActiveCfg = Release|Any CPU
		{B8AD678B-7263-4568-BC56-75481797EAC5}.Release|x64.Build.0 = Release|Any CPU
		{B8AD678B-7263-4568-BC56-75481797EAC5}.Release|x86.ActiveCfg = Release|Any CPU
		{B8AD678B-7263-4568-BC56-75481797EAC5}.Release|x86.Build.0 = Release|Any CPU
		{812AF419-DEE4-4CEA-8AA5-8D27CFE75DAA}.Debug|Any CPU.ActiveCfg = Debug|Any CPU
		{812AF419-DEE4-4CEA-8AA5-8D27CFE75DAA}.Debug|Any CPU.Build.0 = Debug|Any CPU
		{812AF419-DEE4-4CEA-8AA5-8D27CFE75DAA}.Debug|x64.ActiveCfg = Debug|Any CPU
		{812AF419-DEE4-4CEA-8AA5-8D27CFE75DAA}.Debug|x64.Build.0 = Debug|Any CPU
		{812AF419-DEE4-4CEA-8AA5-8D27CFE75DAA}.Debug|x86.ActiveCfg = Debug|Any CPU
		{812AF419-DEE4-4CEA-8AA5-8D27CFE75DAA}.Debug|x86.Build.0 = Debug|Any CPU
		{812AF419-DEE4-4CEA-8AA5-8D27CFE75DAA}.Release|Any CPU.ActiveCfg = Release|Any CPU
		{812AF419-DEE4-4CEA-8AA5-8D27CFE75DAA}.Release|Any CPU.Build.0 = Release|Any CPU
		{812AF419-DEE4-4CEA-8AA5-8D27CFE75DAA}.Release|x64.ActiveCfg = Release|Any CPU
		{812AF419-DEE4-4CEA-8AA5-8D27CFE75DAA}.Release|x64.Build.0 = Release|Any CPU
		{812AF419-DEE4-4CEA-8AA5-8D27CFE75DAA}.Release|x86.ActiveCfg = Release|Any CPU
		{812AF419-DEE4-4CEA-8AA5-8D27CFE75DAA}.Release|x86.Build.0 = Release|Any CPU
		{EF7BDD28-A3FF-42DE-8804-47BF1C8ACD8B}.Debug|Any CPU.ActiveCfg = Debug|Any CPU
		{EF7BDD28-A3FF-42DE-8804-47BF1C8ACD8B}.Debug|Any CPU.Build.0 = Debug|Any CPU
		{EF7BDD28-A3FF-42DE-8804-47BF1C8ACD8B}.Debug|x64.ActiveCfg = Debug|Any CPU
		{EF7BDD28-A3FF-42DE-8804-47BF1C8ACD8B}.Debug|x64.Build.0 = Debug|Any CPU
		{EF7BDD28-A3FF-42DE-8804-47BF1C8ACD8B}.Debug|x86.ActiveCfg = Debug|Any CPU
		{EF7BDD28-A3FF-42DE-8804-47BF1C8ACD8B}.Debug|x86.Build.0 = Debug|Any CPU
		{EF7BDD28-A3FF-42DE-8804-47BF1C8ACD8B}.Release|Any CPU.ActiveCfg = Release|Any CPU
		{EF7BDD28-A3FF-42DE-8804-47BF1C8ACD8B}.Release|Any CPU.Build.0 = Release|Any CPU
		{EF7BDD28-A3FF-42DE-8804-47BF1C8ACD8B}.Release|x64.ActiveCfg = Release|Any CPU
		{EF7BDD28-A3FF-42DE-8804-47BF1C8ACD8B}.Release|x64.Build.0 = Release|Any CPU
		{EF7BDD28-A3FF-42DE-8804-47BF1C8ACD8B}.Release|x86.ActiveCfg = Release|Any CPU
		{EF7BDD28-A3FF-42DE-8804-47BF1C8ACD8B}.Release|x86.Build.0 = Release|Any CPU
		{472E5896-8E9D-4081-A456-2FBC71BA8B22}.Debug|Any CPU.ActiveCfg = Debug|Any CPU
		{472E5896-8E9D-4081-A456-2FBC71BA8B22}.Debug|Any CPU.Build.0 = Debug|Any CPU
		{472E5896-8E9D-4081-A456-2FBC71BA8B22}.Debug|x64.ActiveCfg = Debug|Any CPU
		{472E5896-8E9D-4081-A456-2FBC71BA8B22}.Debug|x64.Build.0 = Debug|Any CPU
		{472E5896-8E9D-4081-A456-2FBC71BA8B22}.Debug|x86.ActiveCfg = Debug|Any CPU
		{472E5896-8E9D-4081-A456-2FBC71BA8B22}.Debug|x86.Build.0 = Debug|Any CPU
		{472E5896-8E9D-4081-A456-2FBC71BA8B22}.Release|Any CPU.ActiveCfg = Release|Any CPU
		{472E5896-8E9D-4081-A456-2FBC71BA8B22}.Release|Any CPU.Build.0 = Release|Any CPU
		{472E5896-8E9D-4081-A456-2FBC71BA8B22}.Release|x64.ActiveCfg = Release|Any CPU
		{472E5896-8E9D-4081-A456-2FBC71BA8B22}.Release|x64.Build.0 = Release|Any CPU
		{472E5896-8E9D-4081-A456-2FBC71BA8B22}.Release|x86.ActiveCfg = Release|Any CPU
		{472E5896-8E9D-4081-A456-2FBC71BA8B22}.Release|x86.Build.0 = Release|Any CPU
		{40C91755-7DBE-4CDA-B658-3C9100C279CE}.Debug|Any CPU.ActiveCfg = Debug|Any CPU
		{40C91755-7DBE-4CDA-B658-3C9100C279CE}.Debug|Any CPU.Build.0 = Debug|Any CPU
		{40C91755-7DBE-4CDA-B658-3C9100C279CE}.Debug|x64.ActiveCfg = Debug|Any CPU
		{40C91755-7DBE-4CDA-B658-3C9100C279CE}.Debug|x64.Build.0 = Debug|Any CPU
		{40C91755-7DBE-4CDA-B658-3C9100C279CE}.Debug|x86.ActiveCfg = Debug|Any CPU
		{40C91755-7DBE-4CDA-B658-3C9100C279CE}.Debug|x86.Build.0 = Debug|Any CPU
		{40C91755-7DBE-4CDA-B658-3C9100C279CE}.Release|Any CPU.ActiveCfg = Release|Any CPU
		{40C91755-7DBE-4CDA-B658-3C9100C279CE}.Release|Any CPU.Build.0 = Release|Any CPU
		{40C91755-7DBE-4CDA-B658-3C9100C279CE}.Release|x64.ActiveCfg = Release|Any CPU
		{40C91755-7DBE-4CDA-B658-3C9100C279CE}.Release|x64.Build.0 = Release|Any CPU
		{40C91755-7DBE-4CDA-B658-3C9100C279CE}.Release|x86.ActiveCfg = Release|Any CPU
		{40C91755-7DBE-4CDA-B658-3C9100C279CE}.Release|x86.Build.0 = Release|Any CPU
		{5EB592E8-8FDF-4C05-807C-951B11478A8E}.Debug|Any CPU.ActiveCfg = Debug|Any CPU
		{5EB592E8-8FDF-4C05-807C-951B11478A8E}.Debug|Any CPU.Build.0 = Debug|Any CPU
		{5EB592E8-8FDF-4C05-807C-951B11478A8E}.Debug|x64.ActiveCfg = Debug|Any CPU
		{5EB592E8-8FDF-4C05-807C-951B11478A8E}.Debug|x64.Build.0 = Debug|Any CPU
		{5EB592E8-8FDF-4C05-807C-951B11478A8E}.Debug|x86.ActiveCfg = Debug|Any CPU
		{5EB592E8-8FDF-4C05-807C-951B11478A8E}.Debug|x86.Build.0 = Debug|Any CPU
		{5EB592E8-8FDF-4C05-807C-951B11478A8E}.Release|Any CPU.ActiveCfg = Release|Any CPU
		{5EB592E8-8FDF-4C05-807C-951B11478A8E}.Release|Any CPU.Build.0 = Release|Any CPU
		{5EB592E8-8FDF-4C05-807C-951B11478A8E}.Release|x64.ActiveCfg = Release|Any CPU
		{5EB592E8-8FDF-4C05-807C-951B11478A8E}.Release|x64.Build.0 = Release|Any CPU
		{5EB592E8-8FDF-4C05-807C-951B11478A8E}.Release|x86.ActiveCfg = Release|Any CPU
		{5EB592E8-8FDF-4C05-807C-951B11478A8E}.Release|x86.Build.0 = Release|Any CPU
		{4E5E4895-E7C0-4D6B-81AE-B778DC7A2259}.Debug|Any CPU.ActiveCfg = Debug|Any CPU
		{4E5E4895-E7C0-4D6B-81AE-B778DC7A2259}.Debug|Any CPU.Build.0 = Debug|Any CPU
		{4E5E4895-E7C0-4D6B-81AE-B778DC7A2259}.Debug|x64.ActiveCfg = Debug|Any CPU
		{4E5E4895-E7C0-4D6B-81AE-B778DC7A2259}.Debug|x64.Build.0 = Debug|Any CPU
		{4E5E4895-E7C0-4D6B-81AE-B778DC7A2259}.Debug|x86.ActiveCfg = Debug|Any CPU
		{4E5E4895-E7C0-4D6B-81AE-B778DC7A2259}.Debug|x86.Build.0 = Debug|Any CPU
		{4E5E4895-E7C0-4D6B-81AE-B778DC7A2259}.Release|Any CPU.ActiveCfg = Release|Any CPU
		{4E5E4895-E7C0-4D6B-81AE-B778DC7A2259}.Release|Any CPU.Build.0 = Release|Any CPU
		{4E5E4895-E7C0-4D6B-81AE-B778DC7A2259}.Release|x64.ActiveCfg = Release|Any CPU
		{4E5E4895-E7C0-4D6B-81AE-B778DC7A2259}.Release|x64.Build.0 = Release|Any CPU
		{4E5E4895-E7C0-4D6B-81AE-B778DC7A2259}.Release|x86.ActiveCfg = Release|Any CPU
		{4E5E4895-E7C0-4D6B-81AE-B778DC7A2259}.Release|x86.Build.0 = Release|Any CPU
		{A8ACC1AA-E22B-429D-8952-A85EFA57F006}.Debug|Any CPU.ActiveCfg = Debug|Any CPU
		{A8ACC1AA-E22B-429D-8952-A85EFA57F006}.Debug|Any CPU.Build.0 = Debug|Any CPU
		{A8ACC1AA-E22B-429D-8952-A85EFA57F006}.Debug|x64.ActiveCfg = Debug|Any CPU
		{A8ACC1AA-E22B-429D-8952-A85EFA57F006}.Debug|x64.Build.0 = Debug|Any CPU
		{A8ACC1AA-E22B-429D-8952-A85EFA57F006}.Debug|x86.ActiveCfg = Debug|Any CPU
		{A8ACC1AA-E22B-429D-8952-A85EFA57F006}.Debug|x86.Build.0 = Debug|Any CPU
		{A8ACC1AA-E22B-429D-8952-A85EFA57F006}.Release|Any CPU.ActiveCfg = Release|Any CPU
		{A8ACC1AA-E22B-429D-8952-A85EFA57F006}.Release|Any CPU.Build.0 = Release|Any CPU
		{A8ACC1AA-E22B-429D-8952-A85EFA57F006}.Release|x64.ActiveCfg = Release|Any CPU
		{A8ACC1AA-E22B-429D-8952-A85EFA57F006}.Release|x64.Build.0 = Release|Any CPU
		{A8ACC1AA-E22B-429D-8952-A85EFA57F006}.Release|x86.ActiveCfg = Release|Any CPU
		{A8ACC1AA-E22B-429D-8952-A85EFA57F006}.Release|x86.Build.0 = Release|Any CPU
		{75EC7C0F-613A-4A9B-83AB-47E0CC44AFDD}.Debug|Any CPU.ActiveCfg = Debug|Any CPU
		{75EC7C0F-613A-4A9B-83AB-47E0CC44AFDD}.Debug|Any CPU.Build.0 = Debug|Any CPU
		{75EC7C0F-613A-4A9B-83AB-47E0CC44AFDD}.Debug|x64.ActiveCfg = Debug|Any CPU
		{75EC7C0F-613A-4A9B-83AB-47E0CC44AFDD}.Debug|x64.Build.0 = Debug|Any CPU
		{75EC7C0F-613A-4A9B-83AB-47E0CC44AFDD}.Debug|x86.ActiveCfg = Debug|Any CPU
		{75EC7C0F-613A-4A9B-83AB-47E0CC44AFDD}.Debug|x86.Build.0 = Debug|Any CPU
		{75EC7C0F-613A-4A9B-83AB-47E0CC44AFDD}.Release|Any CPU.ActiveCfg = Release|Any CPU
		{75EC7C0F-613A-4A9B-83AB-47E0CC44AFDD}.Release|Any CPU.Build.0 = Release|Any CPU
		{75EC7C0F-613A-4A9B-83AB-47E0CC44AFDD}.Release|x64.ActiveCfg = Release|Any CPU
		{75EC7C0F-613A-4A9B-83AB-47E0CC44AFDD}.Release|x64.Build.0 = Release|Any CPU
		{75EC7C0F-613A-4A9B-83AB-47E0CC44AFDD}.Release|x86.ActiveCfg = Release|Any CPU
		{75EC7C0F-613A-4A9B-83AB-47E0CC44AFDD}.Release|x86.Build.0 = Release|Any CPU
		{EBEB66F6-0D5E-4CA4-84BC-765CE98C6DED}.Debug|Any CPU.ActiveCfg = Debug|Any CPU
		{EBEB66F6-0D5E-4CA4-84BC-765CE98C6DED}.Debug|Any CPU.Build.0 = Debug|Any CPU
		{EBEB66F6-0D5E-4CA4-84BC-765CE98C6DED}.Debug|x64.ActiveCfg = Debug|Any CPU
		{EBEB66F6-0D5E-4CA4-84BC-765CE98C6DED}.Debug|x64.Build.0 = Debug|Any CPU
		{EBEB66F6-0D5E-4CA4-84BC-765CE98C6DED}.Debug|x86.ActiveCfg = Debug|Any CPU
		{EBEB66F6-0D5E-4CA4-84BC-765CE98C6DED}.Debug|x86.Build.0 = Debug|Any CPU
		{EBEB66F6-0D5E-4CA4-84BC-765CE98C6DED}.Release|Any CPU.ActiveCfg = Release|Any CPU
		{EBEB66F6-0D5E-4CA4-84BC-765CE98C6DED}.Release|Any CPU.Build.0 = Release|Any CPU
		{EBEB66F6-0D5E-4CA4-84BC-765CE98C6DED}.Release|x64.ActiveCfg = Release|Any CPU
		{EBEB66F6-0D5E-4CA4-84BC-765CE98C6DED}.Release|x64.Build.0 = Release|Any CPU
		{EBEB66F6-0D5E-4CA4-84BC-765CE98C6DED}.Release|x86.ActiveCfg = Release|Any CPU
		{EBEB66F6-0D5E-4CA4-84BC-765CE98C6DED}.Release|x86.Build.0 = Release|Any CPU
	EndGlobalSection
EndGlobal
