
Microsoft Visual Studio Solution File, Format Version 12.00
# Visual Studio Version 17
VisualStudioVersion = 17.0.31903.59
MinimumVisualStudioVersion = 10.0.40219.1
Project("{FAE04EC0-301F-11D3-BF4B-00C04F79EFBC}") = "Flyweight", "Flyweight\Flyweight.csproj", "{4263789C-968E-431C-A047-DBF42E9A8C3E}"
EndProject
Project("{FAE04EC0-301F-11D3-BF4B-00C04F79EFBC}") = "AbstractFactory", "AbstractFactory\AbstractFactory.csproj", "{F79783E9-47D4-4EA7-BDE3-53366CB3E464}"
EndProject
Project("{FAE04EC0-301F-11D3-BF4B-00C04F79EFBC}") = "Adapter", "Adapter\Adapter.csproj", "{4C291F82-D05F-4DB3-AF40-80E5C0AD0E2A}"
EndProject
Project("{FAE04EC0-301F-11D3-BF4B-00C04F79EFBC}") = "Builder", "Builder\Builder.csproj", "{A96368D3-F789-49B4-9F93-6A1A7CF42AB2}"
EndProject
Project("{FAE04EC0-301F-11D3-BF4B-00C04F79EFBC}") = "ChainOfResponsibility", "ChainOfResponsibility\ChainOfResponsibility.csproj", "{D3DFB48F-B7C8-403B-9DD6-6DD9EE86E84C}"
EndProject
Project("{FAE04EC0-301F-11D3-BF4B-00C04F79EFBC}") = "Command", "Command\Command.csproj", "{34D22088-CE8C-4972-9061-3070FEA51E58}"
EndProject
Project("{FAE04EC0-301F-11D3-BF4B-00C04F79EFBC}") = "Composite", "Composite\Composite.csproj", "{1BE60C35-228C-4766-AB76-83447F2A1E66}"
EndProject
Project("{FAE04EC0-301F-11D3-BF4B-00C04F79EFBC}") = "Decorator", "Decorator\Decorator.csproj", "{3ECB86A6-3F7A-405A-9108-12934B03D99D}"
EndProject
Project("{FAE04EC0-301F-11D3-BF4B-00C04F79EFBC}") = "FactoryMethod", "FactoryMethod\FactoryMethod.csproj", "{251C0B2E-8610-4679-9DAA-3ED2AEB1AAA2}"
EndProject
Project("{FAE04EC0-301F-11D3-BF4B-00C04F79EFBC}") = "Iterator", "Iterator\Iterator.csproj", "{6F272CD4-08F1-46A0-A03C-3636B78D3095}"
EndProject
Project("{FAE04EC0-301F-11D3-BF4B-00C04F79EFBC}") = "Memento", "Memento\Memento.csproj", "{F75FBFD6-176E-4144-99DF-6AF7744263CD}"
EndProject
Project("{FAE04EC0-301F-11D3-BF4B-00C04F79EFBC}") = "Observer", "Observer\Observer.csproj", "{6F3A8215-0F5B-4B27-841D-157D8E0CC82C}"
EndProject
Project("{FAE04EC0-301F-11D3-BF4B-00C04F79EFBC}") = "Prototype", "Prototype\Prototype.csproj", "{03A89641-42C9-41D0-BE04-4A7C64040494}"
EndProject
Project("{FAE04EC0-301F-11D3-BF4B-00C04F79EFBC}") = "Proxy", "Proxy\Proxy.csproj", "{7EACA9FE-E196-439E-9794-23F6BD600E90}"
EndProject
Project("{FAE04EC0-301F-11D3-BF4B-00C04F79EFBC}") = "Singleton", "Singleton\Singleton.csproj", "{BABBE7C4-99A8-4B86-BDEF-4CFF53891F9A}"
EndProject
Project("{FAE04EC0-301F-11D3-BF4B-00C04F79EFBC}") = "State", "State\State.csproj", "{0BF206A0-32D4-4824-A671-24985DB54D90}"
EndProject
Project("{FAE04EC0-301F-11D3-BF4B-00C04F79EFBC}") = "Strategy", "Strategy\Strategy.csproj", "{9B0B450D-8182-46CA-874B-EBE979CD65AC}"
EndProject
Project("{FAE04EC0-301F-11D3-BF4B-00C04F79EFBC}") = "TemplateMethod", "TemplateMethod\TemplateMethod.csproj", "{838CA352-FB81-483C-B491-3A9502B207B8}"
EndProject
Global
	GlobalSection(SolutionProperties) = preSolution
		HideSolutionNode = FALSE
	EndGlobalSection
	GlobalSection(SolutionConfigurationPlatforms) = preSolution
		Debug|Any CPU = Debug|Any CPU
		Debug|x64 = Debug|x64
		Debug|x86 = Debug|x86
		Release|Any CPU = Release|Any CPU
		Release|x64 = Release|x64
		Release|x86 = Release|x86
	EndGlobalSection
	GlobalSection(ProjectConfigurationPlatforms) = postSolution
		{4263789C-968E-431C-A047-DBF42E9A8C3E}.Debug|Any CPU.ActiveCfg = Debug|Any CPU
		{4263789C-968E-431C-A047-DBF42E9A8C3E}.Debug|Any CPU.Build.0 = Debug|Any CPU
		{4263789C-968E-431C-A047-DBF42E9A8C3E}.Debug|x64.ActiveCfg = Debug|Any CPU
		{4263789C-968E-431C-A047-DBF42E9A8C3E}.Debug|x64.Build.0 = Debug|Any CPU
		{4263789C-968E-431C-A047-DBF42E9A8C3E}.Debug|x86.ActiveCfg = Debug|Any CPU
		{4263789C-968E-431C-A047-DBF42E9A8C3E}.Debug|x86.Build.0 = Debug|Any CPU
		{4263789C-968E-431C-A047-DBF42E9A8C3E}.Release|Any CPU.ActiveCfg = Release|Any CPU
		{4263789C-968E-431C-A047-DBF42E9A8C3E}.Release|Any CPU.Build.0 = Release|Any CPU
		{4263789C-968E-431C-A047-DBF42E9A8C3E}.Release|x64.ActiveCfg = Release|Any CPU
		{4263789C-968E-431C-A047-DBF42E9A8C3E}.Release|x64.Build.0 = Release|Any CPU
		{4263789C-968E-431C-A047-DBF42E9A8C3E}.Release|x86.ActiveCfg = Release|Any CPU
		{4263789C-968E-431C-A047-DBF42E9A8C3E}.Release|x86.Build.0 = Release|Any CPU
		{F79783E9-47D4-4EA7-BDE3-53366CB3E464}.Debug|Any CPU.ActiveCfg = Debug|Any CPU
		{F79783E9-47D4-4EA7-BDE3-53366CB3E464}.Debug|Any CPU.Build.0 = Debug|Any CPU
		{F79783E9-47D4-4EA7-BDE3-53366CB3E464}.Debug|x64.ActiveCfg = Debug|Any CPU
		{F79783E9-47D4-4EA7-BDE3-53366CB3E464}.Debug|x64.Build.0 = Debug|Any CPU
		{F79783E9-47D4-4EA7-BDE3-53366CB3E464}.Debug|x86.ActiveCfg = Debug|Any CPU
		{F79783E9-47D4-4EA7-BDE3-53366CB3E464}.Debug|x86.Build.0 = Debug|Any CPU
		{F79783E9-47D4-4EA7-BDE3-53366CB3E464}.Release|Any CPU.ActiveCfg = Release|Any CPU
		{F79783E9-47D4-4EA7-BDE3-53366CB3E464}.Release|Any CPU.Build.0 = Release|Any CPU
		{F79783E9-47D4-4EA7-BDE3-53366CB3E464}.Release|x64.ActiveCfg = Release|Any CPU
		{F79783E9-47D4-4EA7-BDE3-53366CB3E464}.Release|x64.Build.0 = Release|Any CPU
		{F79783E9-47D4-4EA7-BDE3-53366CB3E464}.Release|x86.ActiveCfg = Release|Any CPU
		{F79783E9-47D4-4EA7-BDE3-53366CB3E464}.Release|x86.Build.0 = Release|Any CPU
		{4C291F82-D05F-4DB3-AF40-80E5C0AD0E2A}.Debug|Any CPU.ActiveCfg = Debug|Any CPU
		{4C291F82-D05F-4DB3-AF40-80E5C0AD0E2A}.Debug|Any CPU.Build.0 = Debug|Any CPU
		{4C291F82-D05F-4DB3-AF40-80E5C0AD0E2A}.Debug|x64.ActiveCfg = Debug|Any CPU
		{4C291F82-D05F-4DB3-AF40-80E5C0AD0E2A}.Debug|x64.Build.0 = Debug|Any CPU
		{4C291F82-D05F-4DB3-AF40-80E5C0AD0E2A}.Debug|x86.ActiveCfg = Debug|Any CPU
		{4C291F82-D05F-4DB3-AF40-80E5C0AD0E2A}.Debug|x86.Build.0 = Debug|Any CPU
		{4C291F82-D05F-4DB3-AF40-80E5C0AD0E2A}.Release|Any CPU.ActiveCfg = Release|Any CPU
		{4C291F82-D05F-4DB3-AF40-80E5C0AD0E2A}.Release|Any CPU.Build.0 = Release|Any CPU
		{4C291F82-D05F-4DB3-AF40-80E5C0AD0E2A}.Release|x64.ActiveCfg = Release|Any CPU
		{4C291F82-D05F-4DB3-AF40-80E5C0AD0E2A}.Release|x64.Build.0 = Release|Any CPU
		{4C291F82-D05F-4DB3-AF40-80E5C0AD0E2A}.Release|x86.ActiveCfg = Release|Any CPU
		{4C291F82-D05F-4DB3-AF40-80E5C0AD0E2A}.Release|x86.Build.0 = Release|Any CPU
		{A96368D3-F789-49B4-9F93-6A1A7CF42AB2}.Debug|Any CPU.ActiveCfg = Debug|Any CPU
		{A96368D3-F789-49B4-9F93-6A1A7CF42AB2}.Debug|Any CPU.Build.0 = Debug|Any CPU
		{A96368D3-F789-49B4-9F93-6A1A7CF42AB2}.Debug|x64.ActiveCfg = Debug|Any CPU
		{A96368D3-F789-49B4-9F93-6A1A7CF42AB2}.Debug|x64.Build.0 = Debug|Any CPU
		{A96368D3-F789-49B4-9F93-6A1A7CF42AB2}.Debug|x86.ActiveCfg = Debug|Any CPU
		{A96368D3-F789-49B4-9F93-6A1A7CF42AB2}.Debug|x86.Build.0 = Debug|Any CPU
		{A96368D3-F789-49B4-9F93-6A1A7CF42AB2}.Release|Any CPU.ActiveCfg = Release|Any CPU
		{A96368D3-F789-49B4-9F93-6A1A7CF42AB2}.Release|Any CPU.Build.0 = Release|Any CPU
		{A96368D3-F789-49B4-9F93-6A1A7CF42AB2}.Release|x64.ActiveCfg = Release|Any CPU
		{A96368D3-F789-49B4-9F93-6A1A7CF42AB2}.Release|x64.Build.0 = Release|Any CPU
		{A96368D3-F789-49B4-9F93-6A1A7CF42AB2}.Release|x86.ActiveCfg = Release|Any CPU
		{A96368D3-F789-49B4-9F93-6A1A7CF42AB2}.Release|x86.Build.0 = Release|Any CPU
		{D3DFB48F-B7C8-403B-9DD6-6DD9EE86E84C}.Debug|Any CPU.ActiveCfg = Debug|Any CPU
		{D3DFB48F-B7C8-403B-9DD6-6DD9EE86E84C}.Debug|Any CPU.Build.0 = Debug|Any CPU
		{D3DFB48F-B7C8-403B-9DD6-6DD9EE86E84C}.Debug|x64.ActiveCfg = Debug|Any CPU
		{D3DFB48F-B7C8-403B-9DD6-6DD9EE86E84C}.Debug|x64.Build.0 = Debug|Any CPU
		{D3DFB48F-B7C8-403B-9DD6-6DD9EE86E84C}.Debug|x86.ActiveCfg = Debug|Any CPU
		{D3DFB48F-B7C8-403B-9DD6-6DD9EE86E84C}.Debug|x86.Build.0 = Debug|Any CPU
		{D3DFB48F-B7C8-403B-9DD6-6DD9EE86E84C}.Release|Any CPU.ActiveCfg = Release|Any CPU
		{D3DFB48F-B7C8-403B-9DD6-6DD9EE86E84C}.Release|Any CPU.Build.0 = Release|Any CPU
		{D3DFB48F-B7C8-403B-9DD6-6DD9EE86E84C}.Release|x64.ActiveCfg = Release|Any CPU
		{D3DFB48F-B7C8-403B-9DD6-6DD9EE86E84C}.Release|x64.Build.0 = Release|Any CPU
		{D3DFB48F-B7C8-403B-9DD6-6DD9EE86E84C}.Release|x86.ActiveCfg = Release|Any CPU
		{D3DFB48F-B7C8-403B-9DD6-6DD9EE86E84C}.Release|x86.Build.0 = Release|Any CPU
		{34D22088-CE8C-4972-9061-3070FEA51E58}.Debug|Any CPU.ActiveCfg = Debug|Any CPU
		{34D22088-CE8C-4972-9061-3070FEA51E58}.Debug|Any CPU.Build.0 = Debug|Any CPU
		{34D22088-CE8C-4972-9061-3070FEA51E58}.Debug|x64.ActiveCfg = Debug|Any CPU
		{34D22088-CE8C-4972-9061-3070FEA51E58}.Debug|x64.Build.0 = Debug|Any CPU
		{34D22088-CE8C-4972-9061-3070FEA51E58}.Debug|x86.ActiveCfg = Debug|Any CPU
		{34D22088-CE8C-4972-9061-3070FEA51E58}.Debug|x86.Build.0 = Debug|Any CPU
		{34D22088-CE8C-4972-9061-3070FEA51E58}.Release|Any CPU.ActiveCfg = Release|Any CPU
		{34D22088-CE8C-4972-9061-3070FEA51E58}.Release|Any CPU.Build.0 = Release|Any CPU
		{34D22088-CE8C-4972-9061-3070FEA51E58}.Release|x64.ActiveCfg = Release|Any CPU
		{34D22088-CE8C-4972-9061-3070FEA51E58}.Release|x64.Build.0 = Release|Any CPU
		{34D22088-CE8C-4972-9061-3070FEA51E58}.Release|x86.ActiveCfg = Release|Any CPU
		{34D22088-CE8C-4972-9061-3070FEA51E58}.Release|x86.Build.0 = Release|Any CPU
		{1BE60C35-228C-4766-AB76-83447F2A1E66}.Debug|Any CPU.ActiveCfg = Debug|Any CPU
		{1BE60C35-228C-4766-AB76-83447F2A1E66}.Debug|Any CPU.Build.0 = Debug|Any CPU
		{1BE60C35-228C-4766-AB76-83447F2A1E66}.Debug|x64.ActiveCfg = Debug|Any CPU
		{1BE60C35-228C-4766-AB76-83447F2A1E66}.Debug|x64.Build.0 = Debug|Any CPU
		{1BE60C35-228C-4766-AB76-83447F2A1E66}.Debug|x86.ActiveCfg = Debug|Any CPU
		{1BE60C35-228C-4766-AB76-83447F2A1E66}.Debug|x86.Build.0 = Debug|Any CPU
		{1BE60C35-228C-4766-AB76-83447F2A1E66}.Release|Any CPU.ActiveCfg = Release|Any CPU
		{1BE60C35-228C-4766-AB76-83447F2A1E66}.Release|Any CPU.Build.0 = Release|Any CPU
		{1BE60C35-228C-4766-AB76-83447F2A1E66}.Release|x64.ActiveCfg = Release|Any CPU
		{1BE60C35-228C-4766-AB76-83447F2A1E66}.Release|x64.Build.0 = Release|Any CPU
		{1BE60C35-228C-4766-AB76-83447F2A1E66}.Release|x86.ActiveCfg = Release|Any CPU
		{1BE60C35-228C-4766-AB76-83447F2A1E66}.Release|x86.Build.0 = Release|Any CPU
		{3ECB86A6-3F7A-405A-9108-12934B03D99D}.Debug|Any CPU.ActiveCfg = Debug|Any CPU
		{3ECB86A6-3F7A-405A-9108-12934B03D99D}.Debug|Any CPU.Build.0 = Debug|Any CPU
		{3ECB86A6-3F7A-405A-9108-12934B03D99D}.Debug|x64.ActiveCfg = Debug|Any CPU
		{3ECB86A6-3F7A-405A-9108-12934B03D99D}.Debug|x64.Build.0 = Debug|Any CPU
		{3ECB86A6-3F7A-405A-9108-12934B03D99D}.Debug|x86.ActiveCfg = Debug|Any CPU
		{3ECB86A6-3F7A-405A-9108-12934B03D99D}.Debug|x86.Build.0 = Debug|Any CPU
		{3ECB86A6-3F7A-405A-9108-12934B03D99D}.Release|Any CPU.ActiveCfg = Release|Any CPU
		{3ECB86A6-3F7A-405A-9108-12934B03D99D}.Release|Any CPU.Build.0 = Release|Any CPU
		{3ECB86A6-3F7A-405A-9108-12934B03D99D}.Release|x64.ActiveCfg = Release|Any CPU
		{3ECB86A6-3F7A-405A-9108-12934B03D99D}.Release|x64.Build.0 = Release|Any CPU
		{3ECB86A6-3F7A-405A-9108-12934B03D99D}.Release|x86.ActiveCfg = Release|Any CPU
		{3ECB86A6-3F7A-405A-9108-12934B03D99D}.Release|x86.Build.0 = Release|Any CPU
		{251C0B2E-8610-4679-9DAA-3ED2AEB1AAA2}.Debug|Any CPU.ActiveCfg = Debug|Any CPU
		{251C0B2E-8610-4679-9DAA-3ED2AEB1AAA2}.Debug|Any CPU.Build.0 = Debug|Any CPU
		{251C0B2E-8610-4679-9DAA-3ED2AEB1AAA2}.Debug|x64.ActiveCfg = Debug|Any CPU
		{251C0B2E-8610-4679-9DAA-3ED2AEB1AAA2}.Debug|x64.Build.0 = Debug|Any CPU
		{251C0B2E-8610-4679-9DAA-3ED2AEB1AAA2}.Debug|x86.ActiveCfg = Debug|Any CPU
		{251C0B2E-8610-4679-9DAA-3ED2AEB1AAA2}.Debug|x86.Build.0 = Debug|Any CPU
		{251C0B2E-8610-4679-9DAA-3ED2AEB1AAA2}.Release|Any CPU.ActiveCfg = Release|Any CPU
		{251C0B2E-8610-4679-9DAA-3ED2AEB1AAA2}.Release|Any CPU.Build.0 = Release|Any CPU
		{251C0B2E-8610-4679-9DAA-3ED2AEB1AAA2}.Release|x64.ActiveCfg = Release|Any CPU
		{251C0B2E-8610-4679-9DAA-3ED2AEB1AAA2}.Release|x64.Build.0 = Release|Any CPU
		{251C0B2E-8610-4679-9DAA-3ED2AEB1AAA2}.Release|x86.ActiveCfg = Release|Any CPU
		{251C0B2E-8610-4679-9DAA-3ED2AEB1AAA2}.Release|x86.Build.0 = Release|Any CPU
		{6F272CD4-08F1-46A0-A03C-3636B78D3095}.Debug|Any CPU.ActiveCfg = Debug|Any CPU
		{6F272CD4-08F1-46A0-A03C-3636B78D3095}.Debug|Any CPU.Build.0 = Debug|Any CPU
		{6F272CD4-08F1-46A0-A03C-3636B78D3095}.Debug|x64.ActiveCfg = Debug|Any CPU
		{6F272CD4-08F1-46A0-A03C-3636B78D3095}.Debug|x64.Build.0 = Debug|Any CPU
		{6F272CD4-08F1-46A0-A03C-3636B78D3095}.Debug|x86.ActiveCfg = Debug|Any CPU
		{6F272CD4-08F1-46A0-A03C-3636B78D3095}.Debug|x86.Build.0 = Debug|Any CPU
		{6F272CD4-08F1-46A0-A03C-3636B78D3095}.Release|Any CPU.ActiveCfg = Release|Any CPU
		{6F272CD4-08F1-46A0-A03C-3636B78D3095}.Release|Any CPU.Build.0 = Release|Any CPU
		{6F272CD4-08F1-46A0-A03C-3636B78D3095}.Release|x64.ActiveCfg = Release|Any CPU
		{6F272CD4-08F1-46A0-A03C-3636B78D3095}.Release|x64.Build.0 = Release|Any CPU
		{6F272CD4-08F1-46A0-A03C-3636B78D3095}.Release|x86.ActiveCfg = Release|Any CPU
		{6F272CD4-08F1-46A0-A03C-3636B78D3095}.Release|x86.Build.0 = Release|Any CPU
		{F75FBFD6-176E-4144-99DF-6AF7744263CD}.Debug|Any CPU.ActiveCfg = Debug|Any CPU
		{F75FBFD6-176E-4144-99DF-6AF7744263CD}.Debug|Any CPU.Build.0 = Debug|Any CPU
		{F75FBFD6-176E-4144-99DF-6AF7744263CD}.Debug|x64.ActiveCfg = Debug|Any CPU
		{F75FBFD6-176E-4144-99DF-6AF7744263CD}.Debug|x64.Build.0 = Debug|Any CPU
		{F75FBFD6-176E-4144-99DF-6AF7744263CD}.Debug|x86.ActiveCfg = Debug|Any CPU
		{F75FBFD6-176E-4144-99DF-6AF7744263CD}.Debug|x86.Build.0 = Debug|Any CPU
		{F75FBFD6-176E-4144-99DF-6AF7744263CD}.Release|Any CPU.ActiveCfg = Release|Any CPU
		{F75FBFD6-176E-4144-99DF-6AF7744263CD}.Release|Any CPU.Build.0 = Release|Any CPU
		{F75FBFD6-176E-4144-99DF-6AF7744263CD}.Release|x64.ActiveCfg = Release|Any CPU
		{F75FBFD6-176E-4144-99DF-6AF7744263CD}.Release|x64.Build.0 = Release|Any CPU
		{F75FBFD6-176E-4144-99DF-6AF7744263CD}.Release|x86.ActiveCfg = Release|Any CPU
		{F75FBFD6-176E-4144-99DF-6AF7744263CD}.Release|x86.Build.0 = Release|Any CPU
		{6F3A8215-0F5B-4B27-841D-157D8E0CC82C}.Debug|Any CPU.ActiveCfg = Debug|Any CPU
		{6F3A8215-0F5B-4B27-841D-157D8E0CC82C}.Debug|Any CPU.Build.0 = Debug|Any CPU
		{6F3A8215-0F5B-4B27-841D-157D8E0CC82C}.Debug|x64.ActiveCfg = Debug|Any CPU
		{6F3A8215-0F5B-4B27-841D-157D8E0CC82C}.Debug|x64.Build.0 = Debug|Any CPU
		{6F3A8215-0F5B-4B27-841D-157D8E0CC82C}.Debug|x86.ActiveCfg = Debug|Any CPU
		{6F3A8215-0F5B-4B27-841D-157D8E0CC82C}.Debug|x86.Build.0 = Debug|Any CPU
		{6F3A8215-0F5B-4B27-841D-157D8E0CC82C}.Release|Any CPU.ActiveCfg = Release|Any CPU
		{6F3A8215-0F5B-4B27-841D-157D8E0CC82C}.Release|Any CPU.Build.0 = Release|Any CPU
		{6F3A8215-0F5B-4B27-841D-157D8E0CC82C}.Release|x64.ActiveCfg = Release|Any CPU
		{6F3A8215-0F5B-4B27-841D-157D8E0CC82C}.Release|x64.Build.0 = Release|Any CPU
		{6F3A8215-0F5B-4B27-841D-157D8E0CC82C}.Release|x86.ActiveCfg = Release|Any CPU
		{6F3A8215-0F5B-4B27-841D-157D8E0CC82C}.Release|x86.Build.0 = Release|Any CPU
		{03A89641-42C9-41D0-BE04-4A7C64040494}.Debug|Any CPU.ActiveCfg = Debug|Any CPU
		{03A89641-42C9-41D0-BE04-4A7C64040494}.Debug|Any CPU.Build.0 = Debug|Any CPU
		{03A89641-42C9-41D0-BE04-4A7C64040494}.Debug|x64.ActiveCfg = Debug|Any CPU
		{03A89641-42C9-41D0-BE04-4A7C64040494}.Debug|x64.Build.0 = Debug|Any CPU
		{03A89641-42C9-41D0-BE04-4A7C64040494}.Debug|x86.ActiveCfg = Debug|Any CPU
		{03A89641-42C9-41D0-BE04-4A7C64040494}.Debug|x86.Build.0 = Debug|Any CPU
		{03A89641-42C9-41D0-BE04-4A7C64040494}.Release|Any CPU.ActiveCfg = Release|Any CPU
		{03A89641-42C9-41D0-BE04-4A7C64040494}.Release|Any CPU.Build.0 = Release|Any CPU
		{03A89641-42C9-41D0-BE04-4A7C64040494}.Release|x64.ActiveCfg = Release|Any CPU
		{03A89641-42C9-41D0-BE04-4A7C64040494}.Release|x64.Build.0 = Release|Any CPU
		{03A89641-42C9-41D0-BE04-4A7C64040494}.Release|x86.ActiveCfg = Release|Any CPU
		{03A89641-42C9-41D0-BE04-4A7C64040494}.Release|x86.Build.0 = Release|Any CPU
		{7EACA9FE-E196-439E-9794-23F6BD600E90}.Debug|Any CPU.ActiveCfg = Debug|Any CPU
		{7EACA9FE-E196-439E-9794-23F6BD600E90}.Debug|Any CPU.Build.0 = Debug|Any CPU
		{7EACA9FE-E196-439E-9794-23F6BD600E90}.Debug|x64.ActiveCfg = Debug|Any CPU
		{7EACA9FE-E196-439E-9794-23F6BD600E90}.Debug|x64.Build.0 = Debug|Any CPU
		{7EACA9FE-E196-439E-9794-23F6BD600E90}.Debug|x86.ActiveCfg = Debug|Any CPU
		{7EACA9FE-E196-439E-9794-23F6BD600E90}.Debug|x86.Build.0 = Debug|Any CPU
		{7EACA9FE-E196-439E-9794-23F6BD600E90}.Release|Any CPU.ActiveCfg = Release|Any CPU
		{7EACA9FE-E196-439E-9794-23F6BD600E90}.Release|Any CPU.Build.0 = Release|Any CPU
		{7EACA9FE-E196-439E-9794-23F6BD600E90}.Release|x64.ActiveCfg = Release|Any CPU
		{7EACA9FE-E196-439E-9794-23F6BD600E90}.Release|x64.Build.0 = Release|Any CPU
		{7EACA9FE-E196-439E-9794-23F6BD600E90}.Release|x86.ActiveCfg = Release|Any CPU
		{7EACA9FE-E196-439E-9794-23F6BD600E90}.Release|x86.Build.0 = Release|Any CPU
		{BABBE7C4-99A8-4B86-BDEF-4CFF53891F9A}.Debug|Any CPU.ActiveCfg = Debug|Any CPU
		{BABBE7C4-99A8-4B86-BDEF-4CFF53891F9A}.Debug|Any CPU.Build.0 = Debug|Any CPU
		{BABBE7C4-99A8-4B86-BDEF-4CFF53891F9A}.Debug|x64.ActiveCfg = Debug|Any CPU
		{BABBE7C4-99A8-4B86-BDEF-4CFF53891F9A}.Debug|x64.Build.0 = Debug|Any CPU
		{BABBE7C4-99A8-4B86-BDEF-4CFF53891F9A}.Debug|x86.ActiveCfg = Debug|Any CPU
		{BABBE7C4-99A8-4B86-BDEF-4CFF53891F9A}.Debug|x86.Build.0 = Debug|Any CPU
		{BABBE7C4-99A8-4B86-BDEF-4CFF53891F9A}.Release|Any CPU.ActiveCfg = Release|Any CPU
		{BABBE7C4-99A8-4B86-BDEF-4CFF53891F9A}.Release|Any CPU.Build.0 = Release|Any CPU
		{BABBE7C4-99A8-4B86-BDEF-4CFF53891F9A}.Release|x64.ActiveCfg = Release|Any CPU
		{BABBE7C4-99A8-4B86-BDEF-4CFF53891F9A}.Release|x64.Build.0 = Release|Any CPU
		{BABBE7C4-99A8-4B86-BDEF-4CFF53891F9A}.Release|x86.ActiveCfg = Release|Any CPU
		{BABBE7C4-99A8-4B86-BDEF-4CFF53891F9A}.Release|x86.Build.0 = Release|Any CPU
		{0BF206A0-32D4-4824-A671-24985DB54D90}.Debug|Any CPU.ActiveCfg = Debug|Any CPU
		{0BF206A0-32D4-4824-A671-24985DB54D90}.Debug|Any CPU.Build.0 = Debug|Any CPU
		{0BF206A0-32D4-4824-A671-24985DB54D90}.Debug|x64.ActiveCfg = Debug|Any CPU
		{0BF206A0-32D4-4824-A671-24985DB54D90}.Debug|x64.Build.0 = Debug|Any CPU
		{0BF206A0-32D4-4824-A671-24985DB54D90}.Debug|x86.ActiveCfg = Debug|Any CPU
		{0BF206A0-32D4-4824-A671-24985DB54D90}.Debug|x86.Build.0 = Debug|Any CPU
		{0BF206A0-32D4-4824-A671-24985DB54D90}.Release|Any CPU.ActiveCfg = Release|Any CPU
		{0BF206A0-32D4-4824-A671-24985DB54D90}.Release|Any CPU.Build.0 = Release|Any CPU
		{0BF206A0-32D4-4824-A671-24985DB54D90}.Release|x64.ActiveCfg = Release|Any CPU
		{0BF206A0-32D4-4824-A671-24985DB54D90}.Release|x64.Build.0 = Release|Any CPU
		{0BF206A0-32D4-4824-A671-24985DB54D90}.Release|x86.ActiveCfg = Release|Any CPU
		{0BF206A0-32D4-4824-A671-24985DB54D90}.Release|x86.Build.0 = Release|Any CPU
		{9B0B450D-8182-46CA-874B-EBE979CD65AC}.Debug|Any CPU.ActiveCfg = Debug|Any CPU
		{9B0B450D-8182-46CA-874B-EBE979CD65AC}.Debug|Any CPU.Build.0 = Debug|Any CPU
		{9B0B450D-8182-46CA-874B-EBE979CD65AC}.Debug|x64.ActiveCfg = Debug|Any CPU
		{9B0B450D-8182-46CA-874B-EBE979CD65AC}.Debug|x64.Build.0 = Debug|Any CPU
		{9B0B450D-8182-46CA-874B-EBE979CD65AC}.Debug|x86.ActiveCfg = Debug|Any CPU
		{9B0B450D-8182-46CA-874B-EBE979CD65AC}.Debug|x86.Build.0 = Debug|Any CPU
		{9B0B450D-8182-46CA-874B-EBE979CD65AC}.Release|Any CPU.ActiveCfg = Release|Any CPU
		{9B0B450D-8182-46CA-874B-EBE979CD65AC}.Release|Any CPU.Build.0 = Release|Any CPU
		{9B0B450D-8182-46CA-874B-EBE979CD65AC}.Release|x64.ActiveCfg = Release|Any CPU
		{9B0B450D-8182-46CA-874B-EBE979CD65AC}.Release|x64.Build.0 = Release|Any CPU
		{9B0B450D-8182-46CA-874B-EBE979CD65AC}.Release|x86.ActiveCfg = Release|Any CPU
		{9B0B450D-8182-46CA-874B-EBE979CD65AC}.Release|x86.Build.0 = Release|Any CPU
		{838CA352-FB81-483C-B491-3A9502B207B8}.Debug|Any CPU.ActiveCfg = Debug|Any CPU
		{838CA352-FB81-483C-B491-3A9502B207B8}.Debug|Any CPU.Build.0 = Debug|Any CPU
		{838CA352-FB81-483C-B491-3A9502B207B8}.Debug|x64.ActiveCfg = Debug|Any CPU
		{838CA352-FB81-483C-B491-3A9502B207B8}.Debug|x64.Build.0 = Debug|Any CPU
		{838CA352-FB81-483C-B491-3A9502B207B8}.Debug|x86.ActiveCfg = Debug|Any CPU
		{838CA352-FB81-483C-B491-3A9502B207B8}.Debug|x86.Build.0 = Debug|Any CPU
		{838CA352-FB81-483C-B491-3A9502B207B8}.Release|Any CPU.ActiveCfg = Release|Any CPU
		{838CA352-FB81-483C-B491-3A9502B207B8}.Release|Any CPU.Build.0 = Release|Any CPU
		{838CA352-FB81-483C-B491-3A9502B207B8}.Release|x64.ActiveCfg = Release|Any CPU
		{838CA352-FB81-483C-B491-3A9502B207B8}.Release|x64.Build.0 = Release|Any CPU
		{838CA352-FB81-483C-B491-3A9502B207B8}.Release|x86.ActiveCfg = Release|Any CPU
		{838CA352-FB81-483C-B491-3A9502B207B8}.Release|x86.Build.0 = Release|Any CPU
	EndGlobalSection
EndGlobal
